{
  "name": "opencode-plugin-comment-judge-e2e",
  "lockfileVersion": 3,
  "requires": true,
  "packages": {
    "": {
      "name": "opencode-plugin-comment-judge-e2e",
      "license": "MIT",
      "devDependencies": {
        "opencode-ai": "1.18.35"
      }
    },
    "node_modules/opencode-ai": {
      "version": "1.18.35",
      "resolved": "https://registry.npmjs.org/opencode-ai/-/opencode-ai-1.18.35.tgz",
      "integrity": "sha512-tDQKThIZ3amp8NSn3XDP2Dj5BlhRbZC0VkIxgYuf6gvRSXkseqD31j/U4KfpPwha593i8M59hdsDfz32yJx4Og==",
      "cpu": [
        "arm64",
        "x64"
      ],
      "dev": true,
      "hasInstallScript": true,
      "license": "MIT",
      "os": [
        "darwin",
        "linux",
        "win32"
      ],
      "bin": {
        "opencode": "bin/opencode.exe"
      },
      "optionalDependencies": {
        "opencode-darwin-arm64": "1.18.35",
        "opencode-darwin-x64": "1.18.35",
        "opencode-darwin-x64-baseline": "1.18.35",
        "opencode-linux-arm64": "1.18.35",
        "opencode-linux-arm64-musl": "1.18.35",
        "opencode-linux-x64": "1.18.35",
        "opencode-linux-x64-baseline": "1.18.35",
        "opencode-linux-x64-baseline-musl": "1.18.35",
        "opencode-linux-x64-musl": "1.18.35",
        "opencode-windows-arm64": "1.18.35",
        "opencode-windows-x64": "1.18.35",
        "opencode-windows-x64-baseline": "1.18.35"
      }
    },
    "node_modules/opencode-darwin-arm64": {
      "version": "1.18.35",
      "resolved": "https://registry.npmjs.org/opencode-darwin-arm64/-/opencode-darwin-arm64-1.18.35.tgz",
      "integrity": "sha512-WlM5yNbT6OppyXBaTgnri0tnsi/axeLl16vlIrfIdjm4yEvuZVD0JBpBNOLBI21jig0Rw7/HRAO0XWokgJge9g==",
      "cpu": [
        "arm64"
      ],
      "dev": true,
      "optional": true,
      "os": [
        "darwin"
      ]
    },
    "node_modules/opencode-darwin-x64": {
      "version": "1.18.35",
      "resolved": "https://registry.npmjs.org/opencode-darwin-x64/-/opencode-darwin-x64-1.18.35.tgz",
      "integrity": "sha512-beywtZN8juHfH3BzJ79/v0MigR5XszjXkIH8IG+uMFRKdqzYHpZN7Wm5uTj3zTxnx4D95XYSV6ICkiTsU829zQ==",
      "cpu": [
        "x64"
      ],
      "dev": true,
      "optional": true,
      "os": [
        "darwin"
      ]
    },
    "node_modules/opencode-darwin-x64-baseline": {
      "version": "1.18.35",
      "resolved": "https://registry.npmjs.org/opencode-darwin-x64-baseline/-/opencode-darwin-x64-baseline-1.18.35.tgz",
      "integrity": "sha512-Fk6bhyYZ2M8H10hx0/5FUkomLyl4tYN1pJl4Y6tAy8vnO4rSve90QPup6ngXPIYvCbB2JbaDKsgl2Q8cJnBxeA==",
      "cpu": [
        "x64"
      ],
      "dev": true,
      "optional": true,
      "os": [
        "darwin"
      ]
    },
    "node_modules/opencode-linux-arm64": {
      "version": "1.18.35",
      "resolved": "https://registry.npmjs.org/opencode-linux-arm64/-/opencode-linux-arm64-1.18.35.tgz",
      "integrity": "sha512-5IgrvyoxQc3altzqsGPM5Aigf/uzC/pMFG2Kt4w8vJEtJKKem4Hl9wEVmsZxMYFZDzyx7e0MuBkOAzt6AD++1A==",
      "cpu": [
        "arm64"
      ],
      "dev": true,
      "optional": true,
      "os": [
        "linux"
      ]
    },
    "node_modules/opencode-linux-arm64-musl": {
      "version": "1.18.35",
      "resolved": "https://registry.npmjs.org/opencode-linux-arm64-musl/-/opencode-linux-arm64-musl-1.18.35.tgz",
      "integrity": "sha512-f3uFZXwXPYHx8frgDzBTFFQmzVjm50Yg5gOSScPoXTgURZRfeU2zgV5iCvBhUSjlA0wvpZtBswUqwN9Kd4n8bw==",
      "cpu": [
        "arm64"
      ],
      "dev": true,
      "libc": [
        "musl"
      ],
      "optional": true,
      "os": [
        "linux"
      ]
    },
    "node_modules/opencode-linux-x64": {
      "version": "1.18.35",
      "resolved": "https://registry.npmjs.org/opencode-linux-x64/-/opencode-linux-x64-1.18.35.tgz",
      "integrity": "sha512-xs/DPt8bK6NTWHpOlVJDWC/P3BnAuAQFHwa+mjrbxhDGd0Pi/GGWGjh4Sr4cpv6KwvfUKVoLKfHc/J8Nnz0XMg==",
      "cpu": [
        "x64"
      ],
      "dev": true,
      "optional": true,
      "os": [
        "linux"
      ]
    },
    "node_modules/opencode-linux-x64-baseline": {
      "version": "1.18.35",
      "resolved": "https://registry.npmjs.org/opencode-linux-x64-baseline/-/opencode-linux-x64-baseline-1.18.35.tgz",
      "integrity": "sha512-M4SO/A3i2pfOxwBl2C4w6ZgjUx1CH0Y1+yIrc2OdagH3ZOYuhCiFR2FVxhOwMxA/CxlMrS3Z6xxY8WSZCGfuYw==",
      "cpu": [
        "x64"
      ],
      "dev": true,
      "optional": true,
      "os": [
        "linux"
      ]
    },
    "node_modules/opencode-linux-x64-baseline-musl": {
      "version": "1.18.35",
      "resolved": "https://registry.npmjs.org/opencode-linux-x64-baseline-musl/-/opencode-linux-x64-baseline-musl-1.18.35.tgz",
      "integrity": "sha512-JtiM7KiF7Tf/aZKfPYy0dOom2Ty1ZxnFp1mUJzUuNXQHeCJAwLcaxC39OxtRbu7cCTmIV2pI5m+bVizxW1vE8w==",
      "cpu": [
        "x64"
      ],
      "dev": true,
      "libc": [
        "musl"
      ],
      "optional": true,
      "os": [
        "linux"
      ]
    },
    "node_modules/opencode-linux-x64-musl": {
      "version": "1.18.35",
      "resolved": "https://registry.npmjs.org/opencode-linux-x64-musl/-/opencode-linux-x64-musl-1.18.35.tgz",
      "integrity": "sha512-RN7vMSmb/Z0ibxRxZXW3oi7MhNTarS/jHXG2YwHkpC1DSDfur5f/K6UjajRdtgiBEv3W8A7bEej+2cRvXAG95w==",
      "cpu": [
        "x64"
      ],
      "dev": true,
      "libc": [
        "musl"
      ],
      "optional": true,
      "os": [
        "linux"
      ]
    },
    "node_modules/opencode-windows-arm64": {
      "version": "1.18.35",
      "resolved": "https://registry.npmjs.org/opencode-windows-arm64/-/opencode-windows-arm64-1.18.35.tgz",
      "integrity": "sha512-zPTMxYzUP+7rsiZWE2ejPOJLgp4+IyUUXvr5vh/ufx1v5Pq05sPy4hvS1uZJFS/KxFQ09MAiEJ2LKUJ7CHCGig==",
      "cpu": [
        "arm64"
      ],
      "dev": true,
      "optional": true,
      "os": [
        "win32"
      ]
    },
    "node_modules/opencode-windows-x64": {
      "version": "1.18.35",
      "resolved": "https://registry.npmjs.org/opencode-windows-x64/-/opencode-windows-x64-1.18.35.tgz",
      "integrity": "sha512-KFFt0MPMoKsniQ9NO0HqVIYM7ZoVwKNT+xg6oNOk0qRgPk2sAHCDcKZCnAuzVmdEzG7MJfDdkav9kjVCZce6sQ==",
      "cpu": [
        "x64"
      ],
      "dev": true,
      "optional": true,
      "os": [
        "win32"
      ]
    },
    "node_modules/opencode-windows-x64-baseline": {
      "version": "1.18.35",
      "resolved": "https://registry.npmjs.org/opencode-windows-x64-baseline/-/opencode-windows-x64-baseline-1.18.35.tgz",
      "integrity": "sha512-L4gD+osKK5YRY1ZDdH87dzvG5MAUpXci4CgBrJ5+GCxJnrBa+7sJqpgSHZPQBNRRPuT0nPqM3uasfFPEzkLSmQ==",
      "cpu": [
        "x64"
      ],
      "dev": true,
      "optional": true,
      "os": [
        "win32"
      ]
    }
  }
}
